# This file is automatically @generated by Cargo.
# It is not intended for manual editing.
version = 3

[[package]]
name = "arrayvec"
version = "0.7.4"
source = "registry+https://github.com/rust-lang/crates.io-index"
checksum = "96d30a06541fbafbc7f82ed10c06164cfbd2c401138f6addd8404629c4b16711"

[[package]]
name = "autocfg"
version = "1.1.0"
source = "registry+https://github.com/rust-lang/crates.io-index"
checksum = "d468802bab17cbc0cc575e9b053f41e72aa36bfa6b7f55e3529ffa43161b97fa"

[[package]]
name = "bitflags"
version = "2.4.2"
source = "registry+https://github.com/rust-lang/crates.io-index"
checksum = "ed570934406eb16438a4e976b1b4500774099c13b8cb96eec99f620f05090ddf"

[[package]]
name = "common-types"
version = "0.0.0"
dependencies = [
 "multiversx-sc",
]

[[package]]
name = "common_errors"
version = "0.0.0"
dependencies = [
 "multiversx-sc",
]

[[package]]
name = "common_structs"
version = "0.0.0"
dependencies = [
 "fixed-supply-token",
 "math",
 "mergeable",
 "multiversx-sc",
 "unwrappable",
]

[[package]]
name = "config"
version = "0.0.0"
dependencies = [
 "common_errors",
 "common_structs",
 "multiversx-sc",
 "pausable",
 "permissions_module",
 "token_send",
]

[[package]]
name = "contexts"
version = "0.0.0"
dependencies = [
 "common_errors",
 "common_structs",
 "config",
 "farm_token",
 "multiversx-sc",
 "multiversx-sc-modules",
 "pausable",
 "permissions_module",
 "rewards",
 "token_merge_helper",
 "token_send",
]

[[package]]
name = "either"
version = "1.10.0"
source = "registry+https://github.com/rust-lang/crates.io-index"
checksum = "11157ac094ffbdde99aa67b23417ebdd801842852b500e395a45a9c0aac03e4a"

[[package]]
name = "endian-type"
version = "0.1.2"
source = "registry+https://github.com/rust-lang/crates.io-index"
checksum = "c34f04666d835ff5d62e058c3995147c06f42fe86ff053337632bca83e42702d"

[[package]]
name = "energy-factory"
version = "0.0.0"
dependencies = [
 "common_structs",
 "legacy_token_decode_module",
 "math",
 "mergeable",
 "multiversx-sc",
 "multiversx-sc-modules",
 "sc_whitelist_module",
 "simple-lock",
 "unwrappable",
 "utils",
]

[[package]]
name = "energy-query"
version = "0.0.0"
dependencies = [
 "energy-factory",
 "multiversx-sc",
]

[[package]]
name = "events"
version = "0.0.0"
dependencies = [
 "common_structs",
 "contexts",
 "multiversx-sc",
]

[[package]]
name = "farm"
version = "0.0.0"
dependencies = [
 "common_errors",
 "common_structs",
 "config",
 "contexts",
 "energy-query",
 "events",
 "farm-boosted-yields",
 "farm_base_impl",
 "farm_token",
 "fixed-supply-token",
 "mergeable",
 "multiversx-sc",
 "multiversx-sc-modules",
 "pair",
 "pausable",
 "permissions_module",
 "rewards",
 "sc_whitelist_module",
 "token_send",
 "utils",
 "week-timekeeping",
 "weekly-rewards-splitting",
]

[[package]]
name = "farm-boosted-yields"
version = "0.0.0"
dependencies = [
 "common-types",
 "config",
 "energy-query",
 "multiversx-sc",
 "pausable",
 "permissions_module",
 "week-timekeeping",
 "weekly-rewards-splitting",
]

[[package]]
name = "farm-with-locked-rewards"
version = "0.0.0"
dependencies = [
 "common_errors",
 "common_structs",
 "config",
 "contexts",
 "energy-factory",
 "energy-query",
 "events",
 "farm",
 "farm-boosted-yields",
 "farm_base_impl",
 "farm_token",
 "fixed-supply-token",
 "locking_module",
 "mergeable",
 "multiversx-sc",
 "multiversx-sc-modules",
 "pausable",
 "permissions_module",
 "rewards",
 "sc_whitelist_module",
 "token_send",
 "utils",
 "week-timekeeping",
 "weekly-rewards-splitting",
]

[[package]]
name = "farm_base_impl"
version = "0.0.0"
dependencies = [
 "common_errors",
 "common_structs",
 "config",
 "contexts",
 "events",
 "farm_token",
 "fixed-supply-token",
 "mergeable",
 "multiversx-sc",
 "multiversx-sc-modules",
 "pausable",
 "permissions_module",
 "rewards",
 "token_merge_helper",
 "token_send",
 "utils",
]

[[package]]
name = "farm_token"
version = "0.0.0"
dependencies = [
 "common_errors",
 "common_structs",
 "config",
 "multiversx-sc",
 "multiversx-sc-modules",
 "pausable",
 "permissions_module",
 "token_send",
]

[[package]]
name = "fees-collector"
version = "0.0.0"
dependencies = [
 "common-types",
 "common_errors",
 "energy-factory",
 "energy-query",
 "locking_module",
 "multiversx-sc",
 "multiversx-sc-modules",
 "sc_whitelist_module",
 "simple-lock",
 "utils",
 "week-timekeeping",
 "weekly-rewards-splitting",
]

[[package]]
name = "fixed-supply-token"
version = "0.0.0"
dependencies = [
 "multiversx-sc",
]

[[package]]
name = "hex"
version = "0.4.3"
source = "registry+https://github.com/rust-lang/crates.io-index"
checksum = "7f24254aa9a54b5c858eaee2f5bccdb46aaf0e486a595ed5fd8f86ba55232a70"

[[package]]
name = "hex-literal"
version = "0.4.1"
source = "registry+https://github.com/rust-lang/crates.io-index"
checksum = "6fe2267d4ed49bc07b63801559be28c718ea06c4738b7a03c94df7386d2cde46"

[[package]]
name = "itertools"
version = "0.10.5"
source = "registry+https://github.com/rust-lang/crates.io-index"
checksum = "b0fd2260e829bddf4cb6ea802289de2f86d6a7a690192fbe91b3f46e0f2c8473"
dependencies = [
 "either",
]

[[package]]
name = "legacy_token_decode_module"
version = "0.0.0"
dependencies = [
 "common_structs",
 "multiversx-sc",
 "utils",
]

[[package]]
name = "locking_module"
version = "0.0.0"
dependencies = [
 "energy-factory",
 "multiversx-sc",
 "simple-lock",
]

[[package]]
name = "math"
version = "0.0.0"
dependencies = [
 "multiversx-sc",
]

[[package]]
name = "mergeable"
version = "0.0.0"
dependencies = [
 "multiversx-sc",
]

[[package]]
name = "multiversx-sc"
version = "0.47.5"
source = "registry+https://github.com/rust-lang/crates.io-index"
checksum = "0f2a40b8535885488f1449ba6f03e05e6013c2ff73c89c54f94dcdc0af7c8084"
dependencies = [
 "bitflags",
 "hex-literal",
 "multiversx-sc-codec",
 "multiversx-sc-derive",
 "num-traits",
]

[[package]]
name = "multiversx-sc-codec"
version = "0.18.6"
source = "registry+https://github.com/rust-lang/crates.io-index"
checksum = "1da6db65170105c9495848c5e4ba388abb1f9201ff2ca362056c9328f36b7760"
dependencies = [
 "arrayvec",
 "multiversx-sc-codec-derive",
]

[[package]]
name = "multiversx-sc-codec-derive"
version = "0.18.6"
source = "registry+https://github.com/rust-lang/crates.io-index"
checksum = "631c4d4b37fc94659c8d6cf559c21b68c68899095201de2e1b779fccad7b0b03"
dependencies = [
 "hex",
 "proc-macro2",
 "quote",
 "syn",
]

[[package]]
name = "multiversx-sc-derive"
version = "0.47.5"
source = "registry+https://github.com/rust-lang/crates.io-index"
checksum = "73567b0b79730b4f6000c2fac4a21ea7ba8c8b12aa32901dd8ff10ccb90cfd79"
dependencies = [
 "hex",
 "proc-macro2",
 "quote",
 "radix_trie",
 "syn",
]

[[package]]
name = "multiversx-sc-modules"
version = "0.47.5"
source = "registry+https://github.com/rust-lang/crates.io-index"
checksum = "e3ccacf17315c86c4ef77cf75851c7ad2c7f8bd4584fb1bf1a71d043db12175c"
dependencies = [
 "multiversx-sc",
]

[[package]]
name = "multiversx-sc-wasm-adapter"
version = "0.47.5"
source = "registry+https://github.com/rust-lang/crates.io-index"
checksum = "e7e6e0330769b8b46966c5fc59fd13bd95a0d5b330cf0aa55c0403dbb911fa71"
dependencies = [
 "multiversx-sc",
]

[[package]]
name = "nibble_vec"
version = "0.1.0"
source = "registry+https://github.com/rust-lang/crates.io-index"
checksum = "77a5d83df9f36fe23f0c3648c6bbb8b0298bb5f1939c8f2704431371f4b84d43"
dependencies = [
 "smallvec",
]

[[package]]
name = "num-traits"
version = "0.2.17"
source = "registry+https://github.com/rust-lang/crates.io-index"
checksum = "39e3200413f237f41ab11ad6d161bc7239c84dcb631773ccd7de3dfe4b5c267c"
dependencies = [
 "autocfg",
]

[[package]]
name = "pair"
version = "0.0.0"
dependencies = [
 "common_errors",
 "common_structs",
 "fees-collector",
 "itertools",
 "multiversx-sc",
 "pausable",
 "permissions_module",
 "simple-lock",
 "token_send",
 "utils",
]

[[package]]
name = "pausable"
version = "0.0.0"
dependencies = [
 "multiversx-sc",
 "permissions_module",
]

[[package]]
name = "permissions_module"
version = "0.0.0"
dependencies = [
 "bitflags",
 "common_errors",
 "multiversx-sc",
]

[[package]]
name = "proc-macro2"
version = "1.0.78"
source = "registry+https://github.com/rust-lang/crates.io-index"
checksum = "e2422ad645d89c99f8f3e6b88a9fdeca7fabeac836b1002371c4367c8f984aae"
dependencies = [
 "unicode-ident",
]

[[package]]
name = "proxy_dex"
version = "0.0.0"
dependencies = [
 "common_structs",
 "energy-factory",
 "energy-query",
 "farm",
 "farm-with-locked-rewards",
 "fixed-supply-token",
 "itertools",
 "legacy_token_decode_module",
 "locking_module",
 "mergeable",
 "multiversx-sc",
 "multiversx-sc-modules",
 "pair",
 "sc_whitelist_module",
 "simple-lock",
 "token_merge_helper",
 "token_send",
 "utils",
]

[[package]]
name = "proxy_dex-wasm"
version = "0.0.0"
dependencies = [
 "multiversx-sc-wasm-adapter",
 "proxy_dex",
]

[[package]]
name = "quote"
version = "1.0.35"
source = "registry+https://github.com/rust-lang/crates.io-index"
checksum = "291ec9ab5efd934aaf503a6466c5d5251535d108ee747472c3977cc5acc868ef"
dependencies = [
 "proc-macro2",
]

[[package]]
name = "radix_trie"
version = "0.2.1"
source = "registry+https://github.com/rust-lang/crates.io-index"
checksum = "c069c179fcdc6a2fe24d8d18305cf085fdbd4f922c041943e203685d6a1c58fd"
dependencies = [
 "endian-type",
 "nibble_vec",
]

[[package]]
name = "rewards"
version = "0.0.0"
dependencies = [
 "common_errors",
 "common_structs",
 "config",
 "farm_token",
 "multiversx-sc",
 "multiversx-sc-modules",
 "pausable",
 "permissions_module",
 "token_send",
]

[[package]]
name = "sc_whitelist_module"
version = "0.0.0"
dependencies = [
 "common_errors",
 "multiversx-sc",
]

[[package]]
name = "simple-lock"
version = "0.0.0"
dependencies = [
 "common_structs",
 "mergeable",
 "multiversx-sc",
 "multiversx-sc-modules",
 "utils",
]

[[package]]
name = "smallvec"
version = "1.13.1"
source = "registry+https://github.com/rust-lang/crates.io-index"
checksum = "e6ecd384b10a64542d77071bd64bd7b231f4ed5940fba55e98c3de13824cf3d7"

[[package]]
name = "syn"
version = "2.0.48"
source = "registry+https://github.com/rust-lang/crates.io-index"
checksum = "0f3531638e407dfc0814761abb7c00a5b54992b849452a0646b7f65c9f770f3f"
dependencies = [
 "proc-macro2",
 "quote",
 "unicode-ident",
]

[[package]]
name = "token_merge_helper"
version = "0.0.0"
dependencies = [
 "common_errors",
 "multiversx-sc",
]

[[package]]
name = "token_send"
version = "0.0.0"
dependencies = [
 "common_errors",
 "common_structs",
 "multiversx-sc",
]

[[package]]
name = "unicode-ident"
version = "1.0.12"
source = "registry+https://github.com/rust-lang/crates.io-index"
checksum = "3354b9ac3fae1ff6755cb6db53683adb661634f67557942dea4facebec0fee4b"

[[package]]
name = "unwrappable"
version = "0.0.0"
dependencies = [
 "multiversx-sc",
]

[[package]]
name = "utils"
version = "0.0.0"
dependencies = [
 "common_structs",
 "fixed-supply-token",
 "mergeable",
 "multiversx-sc",
]

[[package]]
name = "week-timekeeping"
version = "0.0.0"
dependencies = [
 "common-types",
 "multiversx-sc",
]

[[package]]
name = "weekly-rewards-splitting"
version = "0.0.0"
dependencies = [
 "common-types",
 "energy-query",
 "math",
 "multiversx-sc",
 "unwrappable",
 "week-timekeeping",
]
