# This file is automatically @generated by Cargo.
# It is not intended for manual editing.
[[package]]
name = "ahash"
version = "0.4.7"
source = "registry+https://github.com/rust-lang/crates.io-index"
checksum = "739f4a8db6605981345c5654f3a85b056ce52f37a39d34da03f25bf2151ea16e"

[[package]]
name = "arrayvec"
version = "0.5.2"
source = "registry+https://github.com/rust-lang/crates.io-index"
checksum = "23b62fc65de8e4e7f52534fb52b0f3ed04746ae267519eef2a83941e8085068b"

[[package]]
name = "cfg-if"
version = "0.1.10"
source = "registry+https://github.com/rust-lang/crates.io-index"
checksum = "4785bdd1c96b2a846b2bd7cc02e86b6b3dbf14e7e53446c4f54c92a361040822"

[[package]]
name = "elrond-codec"
version = "0.4.2"
dependencies = [
 "arrayvec",
 "elrond-codec-derive 0.4.2",
 "wee_alloc",
]

[[package]]
name = "elrond-codec"
version = "0.4.2"
source = "registry+https://github.com/rust-lang/crates.io-index"
checksum = "1288631b4a787425de1a7086c772a4ff5ebc3ed490e528996965d9d8f077b53b"
dependencies = [
 "arrayvec",
 "elrond-codec-derive 0.4.2 (registry+https://github.com/rust-lang/crates.io-index)",
 "wee_alloc",
]

[[package]]
name = "elrond-codec-derive"
version = "0.4.2"
dependencies = [
 "hex",
 "proc-macro2",
 "quote",
 "syn",
]

[[package]]
name = "elrond-codec-derive"
version = "0.4.2"
source = "registry+https://github.com/rust-lang/crates.io-index"
checksum = "8201a62391a4c28e9ae80ed50c615e7768b26b54f1350e789054136f893c19ee"
dependencies = [
 "hex",
 "proc-macro2",
 "quote",
 "syn",
]

[[package]]
name = "elrond-wasm"
version = "0.10.5"
dependencies = [
 "arrayvec",
 "elrond-codec 0.4.2",
 "hashbrown",
 "wee_alloc",
]

[[package]]
name = "elrond-wasm"
version = "0.10.5"
source = "registry+https://github.com/rust-lang/crates.io-index"
checksum = "2546b45ab266a42f722bd20f56b0f5e21fc55918da65385416d9fe13868128aa"
dependencies = [
 "arrayvec",
 "elrond-codec 0.4.2 (registry+https://github.com/rust-lang/crates.io-index)",
 "hashbrown",
 "wee_alloc",
]

[[package]]
name = "elrond-wasm-derive"
version = "0.10.5"
dependencies = [
 "hex",
 "proc-macro2",
 "quote",
 "syn",
]

[[package]]
name = "elrond-wasm-node"
version = "0.10.5"
dependencies = [
 "elrond-wasm 0.10.5",
]

[[package]]
name = "elrond-wasm-node"
version = "0.10.5"
source = "registry+https://github.com/rust-lang/crates.io-index"
checksum = "98af6b29c75debb63483a7cc368ab447e6c186778b17c7fb2359feeb471b5390"
dependencies = [
 "elrond-wasm 0.10.5 (registry+https://github.com/rust-lang/crates.io-index)",
]

[[package]]
name = "elrond-wasm-output"
version = "0.10.5"
source = "registry+https://github.com/rust-lang/crates.io-index"
checksum = "546cb9698275acb334cd88d123ba74023ae00ec9a525de94236f34b6e00c2d6f"
dependencies = [
 "elrond-wasm-node 0.10.5 (registry+https://github.com/rust-lang/crates.io-index)",
 "wee_alloc",
]

[[package]]
name = "elrond_dex_factory"
version = "0.0.0"
dependencies = [
 "elrond-wasm 0.10.5",
 "elrond-wasm-derive",
 "elrond-wasm-node 0.10.5",
]

[[package]]
name = "elrond_dex_factory-wasm"
version = "0.0.0"
dependencies = [
 "elrond-wasm-output",
 "elrond_dex_factory",
]

[[package]]
name = "hashbrown"
version = "0.9.1"
source = "registry+https://github.com/rust-lang/crates.io-index"
checksum = "d7afe4a420e3fe79967a00898cc1f4db7c8a49a9333a29f8a4bd76a253d5cd04"
dependencies = [
 "ahash",
]

[[package]]
name = "hex"
version = "0.4.2"
source = "registry+https://github.com/rust-lang/crates.io-index"
checksum = "644f9158b2f133fd50f5fb3242878846d9eb792e445c893805ff0e3824006e35"

[[package]]
name = "libc"
version = "0.2.84"
source = "registry+https://github.com/rust-lang/crates.io-index"
checksum = "1cca32fa0182e8c0989459524dc356b8f2b5c10f1b9eb521b7d182c03cf8c5ff"

[[package]]
name = "memory_units"
version = "0.4.0"
source = "registry+https://github.com/rust-lang/crates.io-index"
checksum = "8452105ba047068f40ff7093dd1d9da90898e63dd61736462e9cdda6a90ad3c3"

[[package]]
name = "proc-macro2"
version = "1.0.24"
source = "registry+https://github.com/rust-lang/crates.io-index"
checksum = "1e0704ee1a7e00d7bb417d0770ea303c1bccbabf0ef1667dae92b5967f5f8a71"
dependencies = [
 "unicode-xid",
]

[[package]]
name = "quote"
version = "1.0.8"
source = "registry+https://github.com/rust-lang/crates.io-index"
checksum = "991431c3519a3f36861882da93630ce66b52918dcf1b8e2fd66b397fc96f28df"
dependencies = [
 "proc-macro2",
]

[[package]]
name = "syn"
version = "1.0.60"
source = "registry+https://github.com/rust-lang/crates.io-index"
checksum = "c700597eca8a5a762beb35753ef6b94df201c81cca676604f547495a0d7f0081"
dependencies = [
 "proc-macro2",
 "quote",
 "unicode-xid",
]

[[package]]
name = "unicode-xid"
version = "0.2.1"
source = "registry+https://github.com/rust-lang/crates.io-index"
checksum = "f7fe0bb3479651439c9112f72b6c505038574c9fbb575ed1bf3b797fa39dd564"

[[package]]
name = "wee_alloc"
version = "0.4.5"
source = "registry+https://github.com/rust-lang/crates.io-index"
checksum = "dbb3b5a6b2bb17cb6ad44a2e68a43e8d2722c997da10e928665c72ec6c0a0b8e"
dependencies = [
 "cfg-if",
 "libc",
 "memory_units",
 "winapi",
]

[[package]]
name = "winapi"
version = "0.3.9"
source = "registry+https://github.com/rust-lang/crates.io-index"
checksum = "5c839a674fcd7a98952e593242ea400abe93992746761e38641405d28b00f419"
dependencies = [
 "winapi-i686-pc-windows-gnu",
 "winapi-x86_64-pc-windows-gnu",
]

[[package]]
name = "winapi-i686-pc-windows-gnu"
version = "0.4.0"
source = "registry+https://github.com/rust-lang/crates.io-index"
checksum = "ac3b87c63620426dd9b991e5ce0329eff545bccbbb34f3be09ff6fb6ab51b7b6"

[[package]]
name = "winapi-x86_64-pc-windows-gnu"
version = "0.4.0"
source = "registry+https://github.com/rust-lang/crates.io-index"
checksum = "712e227841d057c1ee1cd2fb22fa7e5a5461ae8e48fa2ca79ec42cfc1931183f"
