# This file is automatically @generated by Cargo.
# It is not intended for manual editing.
version = 3

[[package]]
name = "arrayvec"
version = "0.7.4"
source = "registry+https://github.com/rust-lang/crates.io-index"
checksum = "96d30a06541fbafbc7f82ed10c06164cfbd2c401138f6addd8404629c4b16711"

[[package]]
name = "autocfg"
version = "1.1.0"
source = "registry+https://github.com/rust-lang/crates.io-index"
checksum = "d468802bab17cbc0cc575e9b053f41e72aa36bfa6b7f55e3529ffa43161b97fa"

[[package]]
name = "bitflags"
version = "2.4.2"
source = "registry+https://github.com/rust-lang/crates.io-index"
checksum = "ed570934406eb16438a4e976b1b4500774099c13b8cb96eec99f620f05090ddf"

[[package]]
name = "common-types"
version = "0.0.0"
dependencies = [
 "multiversx-sc",
]

[[package]]
name = "common_errors"
version = "0.0.0"
dependencies = [
 "multiversx-sc",
]

[[package]]
name = "common_structs"
version = "0.0.0"
dependencies = [
 "fixed-supply-token",
 "math",
 "mergeable",
 "multiversx-sc",
 "unwrappable",
]

[[package]]
name = "endian-type"
version = "0.1.2"
source = "registry+https://github.com/rust-lang/crates.io-index"
checksum = "c34f04666d835ff5d62e058c3995147c06f42fe86ff053337632bca83e42702d"

[[package]]
name = "energy-factory"
version = "0.0.0"
dependencies = [
 "common_structs",
 "legacy_token_decode_module",
 "math",
 "mergeable",
 "multiversx-sc",
 "multiversx-sc-modules",
 "sc_whitelist_module",
 "simple-lock",
 "unwrappable",
 "utils",
]

[[package]]
name = "energy-query"
version = "0.0.0"
dependencies = [
 "energy-factory",
 "multiversx-sc",
]

[[package]]
name = "fees-collector"
version = "0.0.0"
dependencies = [
 "common-types",
 "common_errors",
 "energy-factory",
 "energy-query",
 "locking_module",
 "multiversx-sc",
 "multiversx-sc-modules",
 "sc_whitelist_module",
 "simple-lock",
 "utils",
 "week-timekeeping",
 "weekly-rewards-splitting",
]

[[package]]
name = "fees-collector-wasm"
version = "0.0.0"
dependencies = [
 "fees-collector",
 "multiversx-sc-wasm-adapter",
]

[[package]]
name = "fixed-supply-token"
version = "0.0.0"
dependencies = [
 "multiversx-sc",
]

[[package]]
name = "hex"
version = "0.4.3"
source = "registry+https://github.com/rust-lang/crates.io-index"
checksum = "7f24254aa9a54b5c858eaee2f5bccdb46aaf0e486a595ed5fd8f86ba55232a70"

[[package]]
name = "hex-literal"
version = "0.4.1"
source = "registry+https://github.com/rust-lang/crates.io-index"
checksum = "6fe2267d4ed49bc07b63801559be28c718ea06c4738b7a03c94df7386d2cde46"

[[package]]
name = "legacy_token_decode_module"
version = "0.0.0"
dependencies = [
 "common_structs",
 "multiversx-sc",
 "utils",
]

[[package]]
name = "locking_module"
version = "0.0.0"
dependencies = [
 "energy-factory",
 "multiversx-sc",
 "simple-lock",
]

[[package]]
name = "math"
version = "0.0.0"
dependencies = [
 "multiversx-sc",
]

[[package]]
name = "mergeable"
version = "0.0.0"
dependencies = [
 "multiversx-sc",
]

[[package]]
name = "multiversx-sc"
version = "0.48.1"
source = "registry+https://github.com/rust-lang/crates.io-index"
checksum = "23f5fa49bfb4505465784dc6b8b1d5e52ffcdafedfc2c6f5e9ba54b4bcf5cee8"
dependencies = [
 "bitflags",
 "hex-literal",
 "multiversx-sc-codec",
 "multiversx-sc-derive",
 "num-traits",
]

[[package]]
name = "multiversx-sc-codec"
version = "0.18.7"
source = "registry+https://github.com/rust-lang/crates.io-index"
checksum = "2f7711088da6b140257f35a25d90dc4f78bc4e2be324d1096f7f5842dd397cda"
dependencies = [
 "arrayvec",
 "multiversx-sc-codec-derive",
]

[[package]]
name = "multiversx-sc-codec-derive"
version = "0.18.7"
source = "registry+https://github.com/rust-lang/crates.io-index"
checksum = "5dc92c79e975de4b4f956d54d2c31aaca5e18310e1c36d37593fe856a07b8130"
dependencies = [
 "hex",
 "proc-macro2",
 "quote",
 "syn",
]

[[package]]
name = "multiversx-sc-derive"
version = "0.48.1"
source = "registry+https://github.com/rust-lang/crates.io-index"
checksum = "7f114e0cd72950ae1f0dc1bca2da7d2a02f6ce51bcbee7721980340436bfe63a"
dependencies = [
 "hex",
 "proc-macro2",
 "quote",
 "radix_trie",
 "syn",
]

[[package]]
name = "multiversx-sc-modules"
version = "0.48.1"
source = "registry+https://github.com/rust-lang/crates.io-index"
checksum = "17c9e2000b81f241706a080291f6a7791e221a6ba292cec93687feae53592c9c"
dependencies = [
 "multiversx-sc",
]

[[package]]
name = "multiversx-sc-wasm-adapter"
version = "0.48.1"
source = "registry+https://github.com/rust-lang/crates.io-index"
checksum = "24c50d29ab99fab424227c181b6a918ca4ee234c4f18ea5fbbf2853b2ccb0ebc"
dependencies = [
 "multiversx-sc",
]

[[package]]
name = "nibble_vec"
version = "0.1.0"
source = "registry+https://github.com/rust-lang/crates.io-index"
checksum = "77a5d83df9f36fe23f0c3648c6bbb8b0298bb5f1939c8f2704431371f4b84d43"
dependencies = [
 "smallvec",
]

[[package]]
name = "num-traits"
version = "0.2.17"
source = "registry+https://github.com/rust-lang/crates.io-index"
checksum = "39e3200413f237f41ab11ad6d161bc7239c84dcb631773ccd7de3dfe4b5c267c"
dependencies = [
 "autocfg",
]

[[package]]
name = "proc-macro2"
version = "1.0.78"
source = "registry+https://github.com/rust-lang/crates.io-index"
checksum = "e2422ad645d89c99f8f3e6b88a9fdeca7fabeac836b1002371c4367c8f984aae"
dependencies = [
 "unicode-ident",
]

[[package]]
name = "quote"
version = "1.0.35"
source = "registry+https://github.com/rust-lang/crates.io-index"
checksum = "291ec9ab5efd934aaf503a6466c5d5251535d108ee747472c3977cc5acc868ef"
dependencies = [
 "proc-macro2",
]

[[package]]
name = "radix_trie"
version = "0.2.1"
source = "registry+https://github.com/rust-lang/crates.io-index"
checksum = "c069c179fcdc6a2fe24d8d18305cf085fdbd4f922c041943e203685d6a1c58fd"
dependencies = [
 "endian-type",
 "nibble_vec",
]

[[package]]
name = "sc_whitelist_module"
version = "0.0.0"
dependencies = [
 "common_errors",
 "multiversx-sc",
]

[[package]]
name = "simple-lock"
version = "0.0.0"
dependencies = [
 "common_structs",
 "multiversx-sc",
 "multiversx-sc-modules",
]

[[package]]
name = "smallvec"
version = "1.11.2"
source = "registry+https://github.com/rust-lang/crates.io-index"
checksum = "4dccd0940a2dcdf68d092b8cbab7dc0ad8fa938bf95787e1b916b0e3d0e8e970"

[[package]]
name = "syn"
version = "2.0.48"
source = "registry+https://github.com/rust-lang/crates.io-index"
checksum = "0f3531638e407dfc0814761abb7c00a5b54992b849452a0646b7f65c9f770f3f"
dependencies = [
 "proc-macro2",
 "quote",
 "unicode-ident",
]

[[package]]
name = "unicode-ident"
version = "1.0.12"
source = "registry+https://github.com/rust-lang/crates.io-index"
checksum = "3354b9ac3fae1ff6755cb6db53683adb661634f67557942dea4facebec0fee4b"

[[package]]
name = "unwrappable"
version = "0.0.0"
dependencies = [
 "multiversx-sc",
]

[[package]]
name = "utils"
version = "0.0.0"
dependencies = [
 "common_structs",
 "fixed-supply-token",
 "mergeable",
 "multiversx-sc",
]

[[package]]
name = "week-timekeeping"
version = "0.0.0"
dependencies = [
 "common-types",
 "multiversx-sc",
]

[[package]]
name = "weekly-rewards-splitting"
version = "0.0.0"
dependencies = [
 "common-types",
 "energy-query",
 "math",
 "multiversx-sc",
 "unwrappable",
 "week-timekeeping",
]
