# This file is automatically @generated by Cargo.
# It is not intended for manual editing.
version = 4

[[package]]
name = "arrayvec"
version = "0.7.6"
source = "registry+https://github.com/rust-lang/crates.io-index"
checksum = "7c02d123df017efcdfbd739ef81735b36c5ba83ec3c59c80a9d7ecc718f92e50"

[[package]]
name = "autocfg"
version = "1.1.0"
source = "registry+https://github.com/rust-lang/crates.io-index"
checksum = "d468802bab17cbc0cc575e9b053f41e72aa36bfa6b7f55e3529ffa43161b97fa"

[[package]]
name = "banned_addresses"
version = "0.0.0"
dependencies = [
 "multiversx-sc",
 "permissions_module",
]

[[package]]
name = "bitflags"
version = "2.6.0"
source = "registry+https://github.com/rust-lang/crates.io-index"
checksum = "b048fb63fd8b5923fc5aa7b340d8e156aec7ec02f0c78fa8a6ddc2613f6f71de"

[[package]]
name = "common-types"
version = "0.0.0"
dependencies = [
 "multiversx-sc",
]

[[package]]
name = "common_errors"
version = "0.0.0"
dependencies = [
 "multiversx-sc",
]

[[package]]
name = "common_structs"
version = "0.0.0"
dependencies = [
 "fixed-supply-token",
 "math",
 "mergeable",
 "multiversx-sc",
 "unwrappable",
]

[[package]]
name = "either"
version = "1.9.0"
source = "registry+https://github.com/rust-lang/crates.io-index"
checksum = "a26ae43d7bcc3b814de94796a5e736d4029efb0ee900c12e2d54c993ad1a1e07"

[[package]]
name = "endian-type"
version = "0.1.2"
source = "registry+https://github.com/rust-lang/crates.io-index"
checksum = "c34f04666d835ff5d62e058c3995147c06f42fe86ff053337632bca83e42702d"

[[package]]
name = "energy-factory"
version = "0.0.0"
dependencies = [
 "common_structs",
 "legacy_token_decode_module",
 "math",
 "mergeable",
 "multiversx-sc",
 "multiversx-sc-modules",
 "sc_whitelist_module",
 "simple-lock",
 "unwrappable",
 "utils",
]

[[package]]
name = "energy-query"
version = "0.0.0"
dependencies = [
 "energy-factory",
 "multiversx-sc",
]

[[package]]
name = "fees-collector"
version = "0.0.0"
dependencies = [
 "common-types",
 "common_errors",
 "energy-factory",
 "energy-query",
 "locking_module",
 "multiversx-sc",
 "multiversx-sc-modules",
 "sc_whitelist_module",
 "simple-lock",
 "utils",
 "week-timekeeping",
 "weekly-rewards-splitting",
]

[[package]]
name = "fixed-supply-token"
version = "0.0.0"
dependencies = [
 "multiversx-sc",
]

[[package]]
name = "hex"
version = "0.4.3"
source = "registry+https://github.com/rust-lang/crates.io-index"
checksum = "7f24254aa9a54b5c858eaee2f5bccdb46aaf0e486a595ed5fd8f86ba55232a70"

[[package]]
name = "hex-literal"
version = "0.4.1"
source = "registry+https://github.com/rust-lang/crates.io-index"
checksum = "6fe2267d4ed49bc07b63801559be28c718ea06c4738b7a03c94df7386d2cde46"

[[package]]
name = "itertools"
version = "0.10.5"
source = "registry+https://github.com/rust-lang/crates.io-index"
checksum = "b0fd2260e829bddf4cb6ea802289de2f86d6a7a690192fbe91b3f46e0f2c8473"
dependencies = [
 "either",
]

[[package]]
name = "legacy_token_decode_module"
version = "0.0.0"
dependencies = [
 "common_structs",
 "multiversx-sc",
 "utils",
]

[[package]]
name = "locking_module"
version = "0.0.0"
dependencies = [
 "energy-factory",
 "multiversx-sc",
 "simple-lock",
]

[[package]]
name = "math"
version = "0.0.0"
dependencies = [
 "multiversx-sc",
]

[[package]]
name = "mergeable"
version = "0.0.0"
dependencies = [
 "multiversx-sc",
]

[[package]]
name = "multiversx-sc"
version = "0.53.2"
source = "registry+https://github.com/rust-lang/crates.io-index"
checksum = "75ea89a26f0aacda21437a8ae5ccfbefab99d8191942b3d2eddbcbf84f9866d7"
dependencies = [
 "bitflags",
 "hex-literal",
 "multiversx-sc-codec",
 "multiversx-sc-derive",
 "num-traits",
 "unwrap-infallible",
]

[[package]]
name = "multiversx-sc-codec"
version = "0.21.0"
source = "registry+https://github.com/rust-lang/crates.io-index"
checksum = "007d7a5a8534e5dc9128cb8f15a65a21dd378e135c6016c7cd1491cd012bc8cb"
dependencies = [
 "arrayvec",
 "multiversx-sc-codec-derive",
 "unwrap-infallible",
]

[[package]]
name = "multiversx-sc-codec-derive"
version = "0.21.0"
source = "registry+https://github.com/rust-lang/crates.io-index"
checksum = "dffba1dce273ed5b61ee1b90aeea5c8c744617d0f12624f620768c144d83e753"
dependencies = [
 "hex",
 "proc-macro2",
 "quote",
 "syn",
]

[[package]]
name = "multiversx-sc-derive"
version = "0.53.2"
source = "registry+https://github.com/rust-lang/crates.io-index"
checksum = "4c17fdf90fafca2f19085ae67b0502d9f71bf8ab1be3c83808eb88e02a8c18b9"
dependencies = [
 "hex",
 "proc-macro2",
 "quote",
 "radix_trie",
 "syn",
]

[[package]]
name = "multiversx-sc-modules"
version = "0.53.2"
source = "registry+https://github.com/rust-lang/crates.io-index"
checksum = "daeb48acbd39255868a3241798df2f85050f0ae8d82d6417bd2cd0e30a241855"
dependencies = [
 "multiversx-sc",
]

[[package]]
name = "multiversx-sc-wasm-adapter"
version = "0.53.2"
source = "registry+https://github.com/rust-lang/crates.io-index"
checksum = "20659915a4377d375c46d7f237e810053a03f7e084fad6362dd5748a7233defb"
dependencies = [
 "multiversx-sc",
]

[[package]]
name = "nibble_vec"
version = "0.1.0"
source = "registry+https://github.com/rust-lang/crates.io-index"
checksum = "77a5d83df9f36fe23f0c3648c6bbb8b0298bb5f1939c8f2704431371f4b84d43"
dependencies = [
 "smallvec",
]

[[package]]
name = "num-traits"
version = "0.2.19"
source = "registry+https://github.com/rust-lang/crates.io-index"
checksum = "071dfc062690e90b734c0b2273ce72ad0ffa95f0c74596bc250dcfd960262841"
dependencies = [
 "autocfg",
]

[[package]]
name = "pair"
version = "0.0.0"
dependencies = [
 "banned_addresses",
 "common_errors",
 "common_structs",
 "fees-collector",
 "itertools",
 "multiversx-sc",
 "pausable",
 "permissions_module",
 "simple-lock",
 "token_send",
 "utils",
]

[[package]]
name = "pausable"
version = "0.0.0"
dependencies = [
 "multiversx-sc",
 "permissions_module",
]

[[package]]
name = "permissions_module"
version = "0.0.0"
dependencies = [
 "bitflags",
 "common_errors",
 "multiversx-sc",
]

[[package]]
name = "proc-macro2"
version = "1.0.86"
source = "registry+https://github.com/rust-lang/crates.io-index"
checksum = "5e719e8df665df0d1c8fbfd238015744736151d4445ec0836b8e628aae103b77"
dependencies = [
 "unicode-ident",
]

[[package]]
name = "quote"
version = "1.0.37"
source = "registry+https://github.com/rust-lang/crates.io-index"
checksum = "b5b9d34b8991d19d98081b46eacdd8eb58c6f2b201139f7c5f643cc155a633af"
dependencies = [
 "proc-macro2",
]

[[package]]
name = "radix_trie"
version = "0.2.1"
source = "registry+https://github.com/rust-lang/crates.io-index"
checksum = "c069c179fcdc6a2fe24d8d18305cf085fdbd4f922c041943e203685d6a1c58fd"
dependencies = [
 "endian-type",
 "nibble_vec",
]

[[package]]
name = "router"
version = "0.0.0"
dependencies = [
 "locking_module",
 "multiversx-sc",
 "pair",
 "pausable",
 "simple-lock",
 "token_send",
]

[[package]]
name = "router-wasm"
version = "0.0.0"
dependencies = [
 "multiversx-sc-wasm-adapter",
 "router",
]

[[package]]
name = "sc_whitelist_module"
version = "0.0.0"
dependencies = [
 "common_errors",
 "multiversx-sc",
]

[[package]]
name = "simple-lock"
version = "0.0.0"
dependencies = [
 "common_structs",
 "multiversx-sc",
 "multiversx-sc-modules",
]

[[package]]
name = "smallvec"
version = "1.11.2"
source = "registry+https://github.com/rust-lang/crates.io-index"
checksum = "4dccd0940a2dcdf68d092b8cbab7dc0ad8fa938bf95787e1b916b0e3d0e8e970"

[[package]]
name = "syn"
version = "2.0.77"
source = "registry+https://github.com/rust-lang/crates.io-index"
checksum = "9f35bcdf61fd8e7be6caf75f429fdca8beb3ed76584befb503b1569faee373ed"
dependencies = [
 "proc-macro2",
 "quote",
 "unicode-ident",
]

[[package]]
name = "token_send"
version = "0.0.0"
dependencies = [
 "common_errors",
 "common_structs",
 "multiversx-sc",
]

[[package]]
name = "unicode-ident"
version = "1.0.12"
source = "registry+https://github.com/rust-lang/crates.io-index"
checksum = "3354b9ac3fae1ff6755cb6db53683adb661634f67557942dea4facebec0fee4b"

[[package]]
name = "unwrap-infallible"
version = "0.1.5"
source = "registry+https://github.com/rust-lang/crates.io-index"
checksum = "151ac09978d3c2862c4e39b557f4eceee2cc72150bc4cb4f16abf061b6e381fb"

[[package]]
name = "unwrappable"
version = "0.0.0"
dependencies = [
 "multiversx-sc",
]

[[package]]
name = "utils"
version = "0.0.0"
dependencies = [
 "common_structs",
 "fixed-supply-token",
 "mergeable",
 "multiversx-sc",
]

[[package]]
name = "week-timekeeping"
version = "0.0.0"
dependencies = [
 "common-types",
 "multiversx-sc",
]

[[package]]
name = "weekly-rewards-splitting"
version = "0.0.0"
dependencies = [
 "common-types",
 "energy-query",
 "math",
 "multiversx-sc",
 "unwrappable",
 "week-timekeeping",
]
